Microsoft Visual Studio Solution File, Format Version 12.00
# Visual Studio Version 17
VisualStudioVersion = 17.5.2.0
MinimumVisualStudioVersion = 10.0.40219.1
Project("{FAE04EC0-301F-11D3-BF4B-00C04F79EFBC}") = "Avalonia.Router", "Avalonia.Router\Avalonia.Router.csproj", "{FB6E00B6-D25D-2736-B917-F5DDF471F446}"
EndProject
Global
	GlobalSection(SolutionConfigurationPlatforms) = preSolution
		Debug|Any CPU = Debug|Any CPU
		Release|Any CPU = Release|Any CPU
	EndGlobalSection
	GlobalSection(ProjectConfigurationPlatforms) = postSolution
		{FB6E00B6-D25D-2736-B917-F5DDF471F446}.Debug|Any CPU.ActiveCfg = Debug|Any CPU
		{FB6E00B6-D25D-2736-B917-F5DDF471F446}.Debug|Any CPU.Build.0 = Debug|Any CPU
		{FB6E00B6-D25D-2736-B917-F5DDF471F446}.Release|Any CPU.ActiveCfg = Release|Any CPU
		{FB6E00B6-D25D-2736-B917-F5DDF471F446}.Release|Any CPU.Build.0 = Release|Any CPU
	EndGlobalSection
	GlobalSection(SolutionProperties) = preSolution
		HideSolutionNode = FALSE
	EndGlobalSection
	GlobalSection(ExtensibilityGlobals) = postSolution
		SolutionGuid = {6BF3FF46-A9BC-4B1D-92B0-9051D35BDDFB}
	EndGlobalSection
EndGlobal
